// !$*UTF8*$!
{
	archiveVersion = 1;
	classes = {
	};
	objectVersion = 56;
	objects = {

/* Begin PBXBuildFile section */
		5C140A7B2C0E275400EE7EBC /* LiveTextInteractionView.swift in Sources */ = {isa = PBXBuildFile; fileRef = 5C140A7A2C0E275400EE7EBC /* LiveTextInteractionView.swift */; };
		5C140A7D2C0E278300EE7EBC /* LiveTextInteraction.swift in Sources */ = {isa = PBXBuildFile; fileRef = 5C140A7C2C0E278300EE7EBC /* LiveTextInteraction.swift */; };
		BADFA2242BCC29150005E758 /* MultiDocFillerApp.swift in Sources */ = {isa = PBXBuildFile; fileRef = BADFA2232BCC29150005E758 /* MultiDocFillerApp.swift */; };
		BADFA2262BCC29150005E758 /* ContentView.swift in Sources */ = {isa = PBXBuildFile; fileRef = BADFA2252BCC29150005E758 /* ContentView.swift */; };
		BADFA2282BCC29160005E758 /* Assets.xcassets in Resources */ = {isa = PBXBuildFile; fileRef = BADFA2272BCC29160005E758 /* Assets.xcassets */; };
		BADFA22B2BCC29160005E758 /* Preview Assets.xcassets in Resources */ = {isa = PBXBuildFile; fileRef = BADFA22A2BCC29160005E758 /* Preview Assets.xcassets */; };
		BAE377582BCD3D1800013117 /* ImagePicker.swift in Sources */ = {isa = PBXBuildFile; fileRef = BAE377572BCD3D1800013117 /* ImagePicker.swift */; };
		BAE3775A2BCD502100013117 /* ScanDocumentView.swift in Sources */ = {isa = PBXBuildFile; fileRef = BAE377592BCD502100013117 /* ScanDocumentView.swift */; };
/* End PBXBuildFile section */

/* Begin PBXFileReference section */
		5C140A7A2C0E275400EE7EBC /* LiveTextInteractionView.swift */ = {isa = PBXFileReference; lastKnownFileType = sourcecode.swift; path = LiveTextInteractionView.swift; sourceTree = "<group>"; };
		5C140A7C2C0E278300EE7EBC /* LiveTextInteraction.swift */ = {isa = PBXFileReference; lastKnownFileType = sourcecode.swift; path = LiveTextInteraction.swift; sourceTree = "<group>"; };
		BADFA2202BCC29150005E758 /* MultiDocFiller.app */ = {isa = PBXFileReference; explicitFileType = wrapper.application; includeInIndex = 0; path = MultiDocFiller.app; sourceTree = BUILT_PRODUCTS_DIR; };
		BADFA2232BCC29150005E758 /* MultiDocFillerApp.swift */ = {isa = PBXFileReference; lastKnownFileType = sourcecode.swift; path = MultiDocFillerApp.swift; sourceTree = "<group>"; };
		BADFA2252BCC29150005E758 /* ContentView.swift */ = {isa = PBXFileReference; lastKnownFileType = sourcecode.swift; path = ContentView.swift; sourceTree = "<group>"; };
		BADFA2272BCC29160005E758 /* Assets.xcassets */ = {isa = PBXFileReference; lastKnownFileType = folder.assetcatalog; path = Assets.xcassets; sourceTree = "<group>"; };
		BADFA22A2BCC29160005E758 /* Preview Assets.xcassets */ = {isa = PBXFileReference; lastKnownFileType = folder.assetcatalog; path = "Preview Assets.xcassets"; sourceTree = "<group>"; };
		BAE377572BCD3D1800013117 /* ImagePicker.swift */ = {isa = PBXFileReference; lastKnownFileType = sourcecode.swift; path = ImagePicker.swift; sourceTree = "<group>"; };
		BAE377592BCD502100013117 /* ScanDocumentView.swift */ = {isa = PBXFileReference; lastKnownFileType = sourcecode.swift; path = ScanDocumentView.swift; sourceTree = "<group>"; };
/* End PBXFileReference section */

/* Begin PBXFrameworksBuildPhase section */
		BADFA21D2BCC29150005E758 /* Frameworks */ = {
			isa = PBXFrameworksBuildPhase;
			buildActionMask = 2147483647;
			files = (
			);
			runOnlyForDeploymentPostprocessing = 0;
		};
/* End PBXFrameworksBuildPhase section */

/* Begin PBXGroup section */
		BADFA2172BCC29150005E758 = {
			isa = PBXGroup;
			children = (
				BADFA2222BCC29150005E758 /* MultiDocFiller */,
				BADFA2212BCC29150005E758 /* Products */,
			);
			sourceTree = "<group>";
		};
		BADFA2212BCC29150005E758 /* Products */ = {
			isa = PBXGroup;
			children = (
				BADFA2202BCC29150005E758 /* MultiDocFiller.app */,
			);
			name = Products;
			sourceTree = "<group>";
		};
		BADFA2222BCC29150005E758 /* MultiDocFiller */ = {
			isa = PBXGroup;
			children = (
				BADFA2232BCC29150005E758 /* MultiDocFillerApp.swift */,
				BADFA2252BCC29150005E758 /* ContentView.swift */,
				BAE377592BCD502100013117 /* ScanDocumentView.swift */,
				BAE377572BCD3D1800013117 /* ImagePicker.swift */,
				5C140A7A2C0E275400EE7EBC /* LiveTextInteractionView.swift */,
				5C140A7C2C0E278300EE7EBC /* LiveTextInteraction.swift */,
				BADFA2272BCC29160005E758 /* Assets.xcassets */,
				BADFA2292BCC29160005E758 /* Preview Content */,
			);
			path = MultiDocFiller;
			sourceTree = "<group>";
		};
		BADFA2292BCC29160005E758 /* Preview Content */ = {
			isa = PBXGroup;
			children = (
				BADFA22A2BCC29160005E758 /* Preview Assets.xcassets */,
			);
			path = "Preview Content";
			sourceTree = "<group>";
		};
/* End PBXGroup section */

/* Begin PBXNativeTarget section */
		BADFA21F2BCC29150005E758 /* MultiDocFiller */ = {
			isa = PBXNativeTarget;
			buildConfigurationList = BADFA22E2BCC29160005E758 /* Build configuration list for PBXNativeTarget "MultiDocFiller" */;
			buildPhases = (
				BADFA21C2BCC29150005E758 /* Sources */,
				BADFA21D2BCC29150005E758 /* Frameworks */,
				BADFA21E2BCC29150005E758 /* Resources */,
			);
			buildRules = (
			);
			dependencies = (
			);
			name = MultiDocFiller;
			productName = MultiDocFiller;
			productReference = BADFA2202BCC29150005E758 /* MultiDocFiller.app */;
			productType = "com.apple.product-type.application";
		};
/* End PBXNativeTarget section */

/* Begin PBXProject section */
		BADFA2182BCC29150005E758 /* Project object */ = {
			isa = PBXProject;
			attributes = {
				BuildIndependentTargetsInParallel = 1;
				LastSwiftUpdateCheck = 1520;
				LastUpgradeCheck = 1520;
				TargetAttributes = {
					BADFA21F2BCC29150005E758 = {
						CreatedOnToolsVersion = 15.2;
					};
				};
			};
			buildConfigurationList = BADFA21B2BCC29150005E758 /* Build configuration list for PBXProject "MultiDocFiller" */;
			compatibilityVersion = "Xcode 14.0";
			developmentRegion = en;
			hasScannedForEncodings = 0;
			knownRegions = (
				en,
				Base,
			);
			mainGroup = BADFA2172BCC29150005E758;
			productRefGroup = BADFA2212BCC29150005E758 /* Products */;
			projectDirPath = "";
			projectRoot = "";
			targets = (
				BADFA21F2BCC29150005E758 /* MultiDocFiller */,
			);
		};
/* End PBXProject section */

/* Begin PBXResourcesBuildPhase section */
		BADFA21E2BCC29150005E758 /* Resources */ = {
			isa = PBXResourcesBuildPhase;
			buildActionMask = 2147483647;
			files = (
				BADFA22B2BCC29160005E758 /* Preview Assets.xcassets in Resources */,
				BADFA2282BCC29160005E758 /* Assets.xcassets in Resources */,
			);
			runOnlyForDeploymentPostprocessing = 0;
		};
/* End PBXResourcesBuildPhase section */

/* Begin PBXSourcesBuildPhase section */
		BADFA21C2BCC29150005E758 /* Sources */ = {
			isa = PBXSourcesBuildPhase;
			buildActionMask = 2147483647;
			files = (
				BAE3775A2BCD502100013117 /* ScanDocumentView.swift in Sources */,
				5C140A7D2C0E278300EE7EBC /* LiveTextInteraction.swift in Sources */,
				BAE377582BCD3D1800013117 /* ImagePicker.swift in Sources */,
				5C140A7B2C0E275400EE7EBC /* LiveTextInteractionView.swift in Sources */,
				BADFA2262BCC29150005E758 /* ContentView.swift in Sources */,
				BADFA2242BCC29150005E758 /* MultiDocFillerApp.swift in Sources */,
			);
			runOnlyForDeploymentPostprocessing = 0;
		};
/* End PBXSourcesBuildPhase section */

/* Begin XCBuildConfiguration section */
		BADFA22C2BCC29160005E758 /* Debug */ = {
			isa = XCBuildConfiguration;
			buildSettings = {
				ALWAYS_SEARCH_USER_PATHS = NO;
				ASSETCATALOG_COMPILER_GENERATE_SWIFT_ASSET_SYMBOL_EXTENSIONS = YES;
				CLANG_ANALYZER_NONNULL = YES;
				CLANG_ANALYZER_NUMBER_OBJECT_CONVERSION = YES_AGGRESSIVE;
				CLANG_CXX_LANGUAGE_STANDARD = "gnu++20";
				CLANG_ENABLE_MODULES = YES;
				CLANG_ENABLE_OBJC_ARC = YES;
				CLANG_ENABLE_OBJC_WEAK = YES;
				CLANG_WARN_BLOCK_CAPTURE_AUTORELEASING = YES;
				CLANG_WARN_BOOL_CONVERSION = YES;
				CLANG_WARN_COMMA = YES;
				CLANG_WARN_CONSTANT_CONVERSION = YES;
				CLANG_WARN_DEPRECATED_OBJC_IMPLEMENTATIONS = YES;
				CLANG_WARN_DIRECT_OBJC_ISA_USAGE = YES_ERROR;
				CLANG_WARN_DOCUMENTATION_COMMENTS = YES;
				CLANG_WARN_EMPTY_BODY = YES;
				CLANG_WARN_ENUM_CONVERSION = YES;
				CLANG_WARN_INFINITE_RECURSION = YES;
				CLANG_WARN_INT_CONVERSION = YES;
				CLANG_WARN_NON_LITERAL_NULL_CONVERSION = YES;
				CLANG_WARN_OBJC_IMPLICIT_RETAIN_SELF = YES;
				CLANG_WARN_OBJC_LITERAL_CONVERSION = YES;
				CLANG_WARN_OBJC_ROOT_CLASS = YES_ERROR;
				CLANG_WARN_QUOTED_INCLUDE_IN_FRAMEWORK_HEADER = YES;
				CLANG_WARN_RANGE_LOOP_ANALYSIS = YES;
				CLANG_WARN_STRICT_PROTOTYPES = YES;
				CLANG_WARN_SUSPICIOUS_MOVE = YES;
				CLANG_WARN_UNGUARDED_AVAILABILITY = YES_AGGRESSIVE;
				CLANG_WARN_UNREACHABLE_CODE = YES;
				CLANG_WARN__DUPLICATE_METHOD_MATCH = YES;
				COPY_PHASE_STRIP = NO;
				DEBUG_INFORMATION_FORMAT = dwarf;
				ENABLE_STRICT_OBJC_MSGSEND = YES;
				ENABLE_TESTABILITY = YES;
				ENABLE_USER_SCRIPT_SANDBOXING = YES;
				GCC_C_LANGUAGE_STANDARD = gnu17;
				GCC_DYNAMIC_NO_PIC = NO;
				GCC_NO_COMMON_BLOCKS = YES;
				GCC_OPTIMIZATION_LEVEL = 0;
				GCC_PREPROCESSOR_DEFINITIONS = (
					"DEBUG=1",
					"$(inherited)",
				);
				GCC_WARN_64_TO_32_BIT_CONVERSION = YES;
				GCC_WARN_ABOUT_RETURN_TYPE = YES_ERROR;
				GCC_WARN_UNDECLARED_SELECTOR = YES;
				GCC_WARN_UNINITIALIZED_AUTOS = YES_AGGRESSIVE;
				GCC_WARN_UNUSED_FUNCTION = YES;
				GCC_WARN_UNUSED_VARIABLE = YES;
				IPHONEOS_DEPLOYMENT_TARGET = 17.2;
				LOCALIZATION_PREFERS_STRING_CATALOGS = YES;
				MTL_ENABLE_DEBUG_INFO = INCLUDE_SOURCE;
				MTL_FAST_MATH = YES;
				ONLY_ACTIVE_ARCH = YES;
				SDKROOT = iphoneos;
				SWIFT_ACTIVE_COMPILATION_CONDITIONS = "DEBUG $(inherited)";
				SWIFT_OPTIMIZATION_LEVEL = "-Onone";
			};
			name = Debug;
		};
		BADFA22D2BCC29160005E758 /* Release */ = {
			isa = XCBuildConfiguration;
			buildSettings = {
				ALWAYS_SEARCH_USER_PATHS = NO;
				ASSETCATALOG_COMPILER_GENERATE_SWIFT_ASSET_SYMBOL_EXTENSIONS = YES;
				CLANG_ANALYZER_NONNULL = YES;
				CLANG_ANALYZER_NUMBER_OBJECT_CONVERSION = YES_AGGRESSIVE;
				CLANG_CXX_LANGUAGE_STANDARD = "gnu++20";
				CLANG_ENABLE_MODULES = YES;
				CLANG_ENABLE_OBJC_ARC = YES;
				CLANG_ENABLE_OBJC_WEAK = YES;
				CLANG_WARN_BLOCK_CAPTURE_AUTORELEASING = YES;
				CLANG_WARN_BOOL_CONVERSION = YES;
				CLANG_WARN_COMMA = YES;
				CLANG_WARN_CONSTANT_CONVERSION = YES;
				CLANG_WARN_DEPRECATED_OBJC_IMPLEMENTATIONS = YES;
				CLANG_WARN_DIRECT_OBJC_ISA_USAGE = YES_ERROR;
				CLANG_WARN_DOCUMENTATION_COMMENTS = YES;
				CLANG_WARN_EMPTY_BODY = YES;
				CLANG_WARN_ENUM_CONVERSION = YES;
				CLANG_WARN_INFINITE_RECURSION = YES;
				CLANG_WARN_INT_CONVERSION = YES;
				CLANG_WARN_NON_LITERAL_NULL_CONVERSION = YES;
				CLANG_WARN_OBJC_IMPLICIT_RETAIN_SELF = YES;
				CLANG_WARN_OBJC_LITERAL_CONVERSION = YES;
				CLANG_WARN_OBJC_ROOT_CLASS = YES_ERROR;
				CLANG_WARN_QUOTED_INCLUDE_IN_FRAMEWORK_HEADER = YES;
				CLANG_WARN_RANGE_LOOP_ANALYSIS = YES;
				CLANG_WARN_STRICT_PROTOTYPES = YES;
				CLANG_WARN_SUSPICIOUS_MOVE = YES;
				CLANG_WARN_UNGUARDED_AVAILABILITY = YES_AGGRESSIVE;
				CLANG_WARN_UNREACHABLE_CODE = YES;
				CLANG_WARN__DUPLICATE_METHOD_MATCH = YES;
				COPY_PHASE_STRIP = NO;
				DEBUG_INFORMATION_FORMAT = "dwarf-with-dsym";
				ENABLE_NS_ASSERTIONS = NO;
				ENABLE_STRICT_OBJC_MSGSEND = YES;
				ENABLE_USER_SCRIPT_SANDBOXING = YES;
				GCC_C_LANGUAGE_STANDARD = gnu17;
				GCC_NO_COMMON_BLOCKS = YES;
				GCC_WARN_64_TO_32_BIT_CONVERSION = YES;
				GCC_WARN_ABOUT_RETURN_TYPE = YES_ERROR;
				GCC_WARN_UNDECLARED_SELECTOR = YES;
				GCC_WARN_UNINITIALIZED_AUTOS = YES_AGGRESSIVE;
				GCC_WARN_UNUSED_FUNCTION = YES;
				GCC_WARN_UNUSED_VARIABLE = YES;
				IPHONEOS_DEPLOYMENT_TARGET = 17.2;
				LOCALIZATION_PREFERS_STRING_CATALOGS = YES;
				MTL_ENABLE_DEBUG_INFO = NO;
				MTL_FAST_MATH = YES;
				SDKROOT = iphoneos;
				SWIFT_COMPILATION_MODE = wholemodule;
				VALIDATE_PRODUCT = YES;
			};
			name = Release;
		};
		BADFA22F2BCC29160005E758 /* Debug */ = {
			isa = XCBuildConfiguration;
			buildSettings = {
				ASSETCATALOG_COMPILER_APPICON_NAME = AppIcon;
				ASSETCATALOG_COMPILER_GLOBAL_ACCENT_COLOR_NAME = AccentColor;
				CODE_SIGN_STYLE = Automatic;
				CURRENT_PROJECT_VERSION = 1;
				DEVELOPMENT_ASSET_PATHS = "\"MultiDocFiller/Preview Content\"";
				DEVELOPMENT_TEAM = N9NN3CSS37;
				ENABLE_PREVIEWS = YES;
				GENERATE_INFOPLIST_FILE = YES;
				INFOPLIST_KEY_NSCameraUsageDescription = "We need to use the camera to scan documents";
				INFOPLIST_KEY_NSPhotoLibraryUsageDescription = "You need access to photo Library";
				INFOPLIST_KEY_UIApplicationSceneManifest_Generation = YES;
				INFOPLIST_KEY_UIApplicationSupportsIndirectInputEvents = YES;
				INFOPLIST_KEY_UILaunchScreen_Generation = YES;
				INFOPLIST_KEY_UISupportedInterfaceOrientations_iPad = "UIInterfaceOrientationPortrait UIInterfaceOrientationPortraitUpsideDown UIInterfaceOrientationLandscapeLeft UIInterfaceOrientationLandscapeRight";
				INFOPLIST_KEY_UISupportedInterfaceOrientations_iPhone = "UIInterfaceOrientationPortrait UIInterfaceOrientationLandscapeLeft UIInterfaceOrientationLandscapeRight";
				LD_RUNPATH_SEARCH_PATHS = (
					"$(inherited)",
					"@executable_path/Frameworks",
				);
				MARKETING_VERSION = 1.0;
				PRODUCT_BUNDLE_IDENTIFIER = ru.janiecee.MultiDocFiller;
				PRODUCT_NAME = "$(TARGET_NAME)";
				SWIFT_EMIT_LOC_STRINGS = YES;
				SWIFT_VERSION = 5.0;
				TARGETED_DEVICE_FAMILY = "1,2";
			};
			name = Debug;
		};
		BADFA2302BCC29160005E758 /* Release */ = {
			isa = XCBuildConfiguration;
			buildSettings = {
				ASSETCATALOG_COMPILER_APPICON_NAME = AppIcon;
				ASSETCATALOG_COMPILER_GLOBAL_ACCENT_COLOR_NAME = AccentColor;
				CODE_SIGN_STYLE = Automatic;
				CURRENT_PROJECT_VERSION = 1;
				DEVELOPMENT_ASSET_PATHS = "\"MultiDocFiller/Preview Content\"";
				DEVELOPMENT_TEAM = N9NN3CSS37;
				ENABLE_PREVIEWS = YES;
				GENERATE_INFOPLIST_FILE = YES;
				INFOPLIST_KEY_NSCameraUsageDescription = "We need to use the camera to scan documents";
				INFOPLIST_KEY_NSPhotoLibraryUsageDescription = "You need access to photo Library";
				INFOPLIST_KEY_UIApplicationSceneManifest_Generation = YES;
				INFOPLIST_KEY_UIApplicationSupportsIndirectInputEvents = YES;
				INFOPLIST_KEY_UILaunchScreen_Generation = YES;
				INFOPLIST_KEY_UISupportedInterfaceOrientations_iPad = "UIInterfaceOrientationPortrait UIInterfaceOrientationPortraitUpsideDown UIInterfaceOrientationLandscapeLeft UIInterfaceOrientationLandscapeRight";
				INFOPLIST_KEY_UISupportedInterfaceOrientations_iPhone = "UIInterfaceOrientationPortrait UIInterfaceOrientationLandscapeLeft UIInterfaceOrientationLandscapeRight";
				LD_RUNPATH_SEARCH_PATHS = (
					"$(inherited)",
					"@executable_path/Frameworks",
				);
				MARKETING_VERSION = 1.0;
				PRODUCT_BUNDLE_IDENTIFIER = ru.janiecee.MultiDocFiller;
				PRODUCT_NAME = "$(TARGET_NAME)";
				SWIFT_EMIT_LOC_STRINGS = YES;
				SWIFT_VERSION = 5.0;
				TARGETED_DEVICE_FAMILY = "1,2";
			};
			name = Release;
		};
/* End XCBuildConfiguration section */

/* Begin XCConfigurationList section */
		BADFA21B2BCC29150005E758 /* Build configuration list for PBXProject "MultiDocFiller" */ = {
			isa = XCConfigurationList;
			buildConfigurations = (
				BADFA22C2BCC29160005E758 /* Debug */,
				BADFA22D2BCC29160005E758 /* Release */,
			);
			defaultConfigurationIsVisible = 0;
			defaultConfigurationName = Release;
		};
		BADFA22E2BCC29160005E758 /* Build configuration list for PBXNativeTarget "MultiDocFiller" */ = {
			isa = XCConfigurationList;
			buildConfigurations = (
				BADFA22F2BCC29160005E758 /* Debug */,
				BADFA2302BCC29160005E758 /* Release */,
			);
			defaultConfigurationIsVisible = 0;
			defaultConfigurationName = Release;
		};
/* End XCConfigurationList section */
	};
	rootObject = BADFA2182BCC29150005E758 /* Project object */;
}
